
Microsoft Visual Studio Solution File, Format Version 12.00
# Visual Studio Version 17
VisualStudioVersion = 17.7.34009.444
MinimumVisualStudioVersion = 10.0.40219.1
Project("{FAE04EC0-301F-11D3-BF4B-00C04F79EFBC}") = "CureWell", "CureWell\CureWell.csproj", "{7B2DA54A-FD83-4D48-AF22-E1B1B4F8DC6B}"
EndProject
Global
	GlobalSection(SolutionConfigurationPlatforms) = preSolution
		Debug|Any CPU = Debug|Any CPU
		Release|Any CPU = Release|Any CPU
	EndGlobalSection
	GlobalSection(ProjectConfigurationPlatforms) = postSolution
		{7B2DA54A-FD83-4D48-AF22-E1B1B4F8DC6B}.Debug|Any CPU.ActiveCfg = Debug|Any CPU
		{7B2DA54A-FD83-4D48-AF22-E1B1B4F8DC6B}.Debug|Any CPU.Build.0 = Debug|Any CPU
		{7B2DA54A-FD83-4D48-AF22-E1B1B4F8DC6B}.Release|Any CPU.ActiveCfg = Release|Any CPU
		{7B2DA54A-FD83-4D48-AF22-E1B1B4F8DC6B}.Release|Any CPU.Build.0 = Release|Any CPU
	EndGlobalSection
	GlobalSection(SolutionProperties) = preSolution
		HideSolutionNode = FALSE
	EndGlobalSection
	GlobalSection(ExtensibilityGlobals) = postSolution
		SolutionGuid = {CA3C225C-B268-4B8C-BD04-F0DEAD95646B}
	EndGlobalSection
EndGlobal
